<?xml version="1.0" encoding="utf-8"?>
<Project ToolsVersion="4.0" xmlns="http://schemas.microsoft.com/developer/msbuild/2003">
  <ItemGroup>
    <Filter Include="Interface">
      <UniqueIdentifier>{7aa4faea-7c7c-41d5-ad57-bc0b7ca7748b}</UniqueIdentifier>
    </Filter>
    <Filter Include="Implement">
      <UniqueIdentifier>{928783e4-14e9-499a-ab62-3ebb94677894}</UniqueIdentifier>
    </Filter>
  </ItemGroup>
  <ItemGroup>
    <ClInclude Include="..\..\Noodles\Interface\interface.h">
      <Filter>Interface</Filter>
    </ClInclude>
    <ClInclude Include="..\..\Noodles\Implement\component_pool.h">
      <Filter>Implement</Filter>
    </ClInclude>
    <ClInclude Include="..\..\Noodles\Implement\entity.h">
      <Filter>Implement</Filter>
    </ClInclude>
    <ClInclude Include="..\..\Noodles\Implement\event_pool.h">
      <Filter>Implement</Filter>
    </ClInclude>
    <ClInclude Include="..\..\Noodles\Implement\gobal_component_pool.h">
      <Filter>Implement</Filter>
    </ClInclude>
    <ClInclude Include="..\..\Noodles\Implement\implement.h">
      <Filter>Implement</Filter>
    </ClInclude>
    <ClInclude Include="..\..\Noodles\Implement\memory.h">
      <Filter>Implement</Filter>
    </ClInclude>
    <ClInclude Include="..\..\Noodles\Implement\platform.h">
      <Filter>Implement</Filter>
    </ClInclude>
    <ClInclude Include="..\..\Noodles\Implement\system_pool.h">
      <Filter>Implement</Filter>
    </ClInclude>
    <ClInclude Include="..\..\Noodles\Interface\aid.h">
      <Filter>Interface</Filter>
    </ClInclude>
    <ClInclude Include="..\..\Noodles\Interface\entity_interface.h">
      <Filter>Interface</Filter>
    </ClInclude>
    <ClInclude Include="..\..\Noodles\Interface\component_interface.h">
      <Filter>Interface</Filter>
    </ClInclude>
    <ClInclude Include="..\..\Noodles\Interface\gobal_component_interface.h" />
    <ClInclude Include="..\..\Noodles\Interface\event_interface.h">
      <Filter>Interface</Filter>
    </ClInclude>
  </ItemGroup>
  <ItemGroup>
    <ClCompile Include="..\..\Noodles\Implement\component_pool.cpp">
      <Filter>Implement</Filter>
    </ClCompile>
    <ClCompile Include="..\..\Noodles\Implement\entity.cpp">
      <Filter>Implement</Filter>
    </ClCompile>
    <ClCompile Include="..\..\Noodles\Implement\event_pool.cpp">
      <Filter>Implement</Filter>
    </ClCompile>
    <ClCompile Include="..\..\Noodles\Implement\gobal_component_pool.cpp">
      <Filter>Implement</Filter>
    </ClCompile>
    <ClCompile Include="..\..\Noodles\Implement\implement.cpp">
      <Filter>Implement</Filter>
    </ClCompile>
    <ClCompile Include="..\..\Noodles\Implement\memory.cpp">
      <Filter>Implement</Filter>
    </ClCompile>
    <ClCompile Include="..\..\Noodles\Implement\platform.cpp">
      <Filter>Implement</Filter>
    </ClCompile>
    <ClCompile Include="..\..\Noodles\Implement\system_pool.cpp">
      <Filter>Implement</Filter>
    </ClCompile>
  </ItemGroup>
</Project>