<?xml version="1.0" encoding="utf-8"?>
<Project ToolsVersion="4.0" xmlns="http://schemas.microsoft.com/developer/msbuild/2003">
  <ItemGroup>
    <Filter Include="include">
      <UniqueIdentifier>{956af48c-c880-461b-a56b-b8afde6b62ee}</UniqueIdentifier>
    </Filter>
    <Filter Include="source">
      <UniqueIdentifier>{086feffd-a4a6-4a40-b0ca-e687d41e88db}</UniqueIdentifier>
    </Filter>
  </ItemGroup>
  <ItemGroup>
    <ClInclude Include="..\..\Noodles\include\component_pool.h">
      <Filter>include</Filter>
    </ClInclude>
    <ClInclude Include="..\..\Noodles\include\entity.h">
      <Filter>include</Filter>
    </ClInclude>
    <ClInclude Include="..\..\Noodles\include\event_pool.h">
      <Filter>include</Filter>
    </ClInclude>
    <ClInclude Include="..\..\Noodles\include\gobal_component_pool.h">
      <Filter>include</Filter>
    </ClInclude>
    <ClInclude Include="..\..\Noodles\include\implement.h">
      <Filter>include</Filter>
    </ClInclude>
    <ClInclude Include="..\..\Noodles\include\interface.h">
      <Filter>include</Filter>
    </ClInclude>
    <ClInclude Include="..\..\Noodles\include\memory.h">
      <Filter>include</Filter>
    </ClInclude>
    <ClInclude Include="..\..\Noodles\include\system_pool.h">
      <Filter>include</Filter>
    </ClInclude>
    <ClInclude Include="..\..\Noodles\include\platform.h">
      <Filter>include</Filter>
    </ClInclude>
  </ItemGroup>
  <ItemGroup>
    <ClCompile Include="..\..\Noodles\source\component_pool.cpp">
      <Filter>source</Filter>
    </ClCompile>
    <ClCompile Include="..\..\Noodles\source\entity.cpp">
      <Filter>source</Filter>
    </ClCompile>
    <ClCompile Include="..\..\Noodles\source\event_pool.cpp">
      <Filter>source</Filter>
    </ClCompile>
    <ClCompile Include="..\..\Noodles\source\gobal_component_pool.cpp">
      <Filter>source</Filter>
    </ClCompile>
    <ClCompile Include="..\..\Noodles\source\implement.cpp">
      <Filter>source</Filter>
    </ClCompile>
    <ClCompile Include="..\..\Noodles\source\memory.cpp">
      <Filter>source</Filter>
    </ClCompile>
    <ClCompile Include="..\..\Noodles\source\system_pool.cpp">
      <Filter>source</Filter>
    </ClCompile>
    <ClCompile Include="..\..\Noodles\source\platform.cpp">
      <Filter>source</Filter>
    </ClCompile>
  </ItemGroup>
</Project>