<?xml version="1.0" encoding="utf-8"?>
<Project ToolsVersion="4.0" xmlns="http://schemas.microsoft.com/developer/msbuild/2003">
  <ItemGroup>
    <Filter Include="Source Files">
      <UniqueIdentifier>{4FC737F1-C7A5-4376-A066-2A32D752A2FF}</UniqueIdentifier>
      <Extensions>cpp;c;cc;cxx;c++;cppm;ixx;def;odl;idl;hpj;bat;asm;asmx</Extensions>
    </Filter>
    <Filter Include="Public">
      <UniqueIdentifier>{b807c29c-8049-4df1-bf94-19fe3039ab24}</UniqueIdentifier>
    </Filter>
    <Filter Include="Private">
      <UniqueIdentifier>{1deeee49-4cf3-4c7e-84dc-67d886824c22}</UniqueIdentifier>
    </Filter>
  </ItemGroup>
  <ItemGroup>
    <ClInclude Include="..\..\Noodles\Public\NoodleTypeInfo.h">
      <Filter>Public</Filter>
    </ClInclude>
    <ClInclude Include="..\..\Noodles\Public\NoodleEntity.h">
      <Filter>Public</Filter>
    </ClInclude>
    <ClInclude Include="..\..\Noodles\Public\NoodleMemory.h">
      <Filter>Public</Filter>
    </ClInclude>
  </ItemGroup>
</Project>